
Microsoft Visual Studio Solution File, Format Version 12.00
# Visual Studio Version 17
VisualStudioVersion = 17.0.31903.59
MinimumVisualStudioVersion = 10.0.40219.1
Project("{2150E333-8FDC-42A3-9474-1A3956D46DE8}") = "src", "src", "{827E0CD3-B72D-47B6-A68D-7590B98EB39B}"
EndProject
Project("{FAE04EC0-301F-11D3-BF4B-00C04F79EFBC}") = "TaskManager.Domain", "src\TaskManager.Domain\TaskManager.Domain.csproj", "{1BBEDC5F-6872-4ABE-9A17-DBF4995E1336}"
EndProject
Project("{FAE04EC0-301F-11D3-BF4B-00C04F79EFBC}") = "TaskManager.Application", "src\TaskManager.Application\TaskManager.Application.csproj", "{1B6EF3CE-1BAF-4F16-A80B-630A11C8236C}"
EndProject
Project("{FAE04EC0-301F-11D3-BF4B-00C04F79EFBC}") = "TaskManager.Infrastructure", "src\TaskManager.Infrastructure\TaskManager.Infrastructure.csproj", "{FA8E9E54-5226-4EC4-B289-EF4731D956AC}"
EndProject
Project("{FAE04EC0-301F-11D3-BF4B-00C04F79EFBC}") = "TaskManager.WebApi", "src\TaskManager.WebApi\TaskManager.WebApi.csproj", "{F3C20CD3-8DE9-438D-B70D-8BCE163CB092}"
EndProject
Project("{FAE04EC0-301F-11D3-BF4B-00C04F79EFBC}") = "TaskManager.Domain.Tests", "tests\TaskManager.Domain.Tests\TaskManager.Domain.Tests.csproj", "{C19281B6-2445-4983-B2EB-5C8F71E9DAD0}"
EndProject
Project("{FAE04EC0-301F-11D3-BF4B-00C04F79EFBC}") = "TaskManager.Application.Tests", "tests\TaskManager.Application.Tests\TaskManager.Application.Tests.csproj", "{C00C7B4E-B7A1-47E0-B085-54F0D69FEDD2}"
EndProject
Project("{FAE04EC0-301F-11D3-BF4B-00C04F79EFBC}") = "TaskManager.Infrastructure.Tests", "tests\TaskManager.Infrastructure.Tests\TaskManager.Infrastructure.Tests.csproj", "{261BEEB6-13E7-43B6-A003-12C8A4DAA608}"
EndProject
Project("{FAE04EC0-301F-11D3-BF4B-00C04F79EFBC}") = "TaskManager.WebApi.Tests", "tests\TaskManager.WebApi.Tests\TaskManager.WebApi.Tests.csproj", "{77EE16A6-6349-4EE1-96A4-422D1C7F0675}"
EndProject
Global
	GlobalSection(SolutionConfigurationPlatforms) = preSolution
		Debug|Any CPU = Debug|Any CPU
		Debug|x64 = Debug|x64
		Debug|x86 = Debug|x86
		Release|Any CPU = Release|Any CPU
		Release|x64 = Release|x64
		Release|x86 = Release|x86
	EndGlobalSection
	GlobalSection(ProjectConfigurationPlatforms) = postSolution
		{1BBEDC5F-6872-4ABE-9A17-DBF4995E1336}.Debug|Any CPU.ActiveCfg = Debug|Any CPU
		{1BBEDC5F-6872-4ABE-9A17-DBF4995E1336}.Debug|Any CPU.Build.0 = Debug|Any CPU
		{1BBEDC5F-6872-4ABE-9A17-DBF4995E1336}.Debug|x64.ActiveCfg = Debug|Any CPU
		{1BBEDC5F-6872-4ABE-9A17-DBF4995E1336}.Debug|x64.Build.0 = Debug|Any CPU
		{1BBEDC5F-6872-4ABE-9A17-DBF4995E1336}.Debug|x86.ActiveCfg = Debug|Any CPU
		{1BBEDC5F-6872-4ABE-9A17-DBF4995E1336}.Debug|x86.Build.0 = Debug|Any CPU
		{1BBEDC5F-6872-4ABE-9A17-DBF4995E1336}.Release|Any CPU.ActiveCfg = Release|Any CPU
		{1BBEDC5F-6872-4ABE-9A17-DBF4995E1336}.Release|Any CPU.Build.0 = Release|Any CPU
		{1BBEDC5F-6872-4ABE-9A17-DBF4995E1336}.Release|x64.ActiveCfg = Release|Any CPU
		{1BBEDC5F-6872-4ABE-9A17-DBF4995E1336}.Release|x64.Build.0 = Release|Any CPU
		{1BBEDC5F-6872-4ABE-9A17-DBF4995E1336}.Release|x86.ActiveCfg = Release|Any CPU
		{1BBEDC5F-6872-4ABE-9A17-DBF4995E1336}.Release|x86.Build.0 = Release|Any CPU
		{1B6EF3CE-1BAF-4F16-A80B-630A11C8236C}.Debug|Any CPU.ActiveCfg = Debug|Any CPU
		{1B6EF3CE-1BAF-4F16-A80B-630A11C8236C}.Debug|Any CPU.Build.0 = Debug|Any CPU
		{1B6EF3CE-1BAF-4F16-A80B-630A11C8236C}.Debug|x64.ActiveCfg = Debug|Any CPU
		{1B6EF3CE-1BAF-4F16-A80B-630A11C8236C}.Debug|x64.Build.0 = Debug|Any CPU
		{1B6EF3CE-1BAF-4F16-A80B-630A11C8236C}.Debug|x86.ActiveCfg = Debug|Any CPU
		{1B6EF3CE-1BAF-4F16-A80B-630A11C8236C}.Debug|x86.Build.0 = Debug|Any CPU
		{1B6EF3CE-1BAF-4F16-A80B-630A11C8236C}.Release|Any CPU.ActiveCfg = Release|Any CPU
		{1B6EF3CE-1BAF-4F16-A80B-630A11C8236C}.Release|Any CPU.Build.0 = Release|Any CPU
		{1B6EF3CE-1BAF-4F16-A80B-630A11C8236C}.Release|x64.ActiveCfg = Release|Any CPU
		{1B6EF3CE-1BAF-4F16-A80B-630A11C8236C}.Release|x64.Build.0 = Release|Any CPU
		{1B6EF3CE-1BAF-4F16-A80B-630A11C8236C}.Release|x86.ActiveCfg = Release|Any CPU
		{1B6EF3CE-1BAF-4F16-A80B-630A11C8236C}.Release|x86.Build.0 = Release|Any CPU
		{FA8E9E54-5226-4EC4-B289-EF4731D956AC}.Debug|Any CPU.ActiveCfg = Debug|Any CPU
		{FA8E9E54-5226-4EC4-B289-EF4731D956AC}.Debug|Any CPU.Build.0 = Debug|Any CPU
		{FA8E9E54-5226-4EC4-B289-EF4731D956AC}.Debug|x64.ActiveCfg = Debug|Any CPU
		{FA8E9E54-5226-4EC4-B289-EF4731D956AC}.Debug|x64.Build.0 = Debug|Any CPU
		{FA8E9E54-5226-4EC4-B289-EF4731D956AC}.Debug|x86.ActiveCfg = Debug|Any CPU
		{FA8E9E54-5226-4EC4-B289-EF4731D956AC}.Debug|x86.Build.0 = Debug|Any CPU
		{FA8E9E54-5226-4EC4-B289-EF4731D956AC}.Release|Any CPU.ActiveCfg = Release|Any CPU
		{FA8E9E54-5226-4EC4-B289-EF4731D956AC}.Release|Any CPU.Build.0 = Release|Any CPU
		{FA8E9E54-5226-4EC4-B289-EF4731D956AC}.Release|x64.ActiveCfg = Release|Any CPU
		{FA8E9E54-5226-4EC4-B289-EF4731D956AC}.Release|x64.Build.0 = Release|Any CPU
		{FA8E9E54-5226-4EC4-B289-EF4731D956AC}.Release|x86.ActiveCfg = Release|Any CPU
		{FA8E9E54-5226-4EC4-B289-EF4731D956AC}.Release|x86.Build.0 = Release|Any CPU
		{F3C20CD3-8DE9-438D-B70D-8BCE163CB092}.Debug|Any CPU.ActiveCfg = Debug|Any CPU
		{F3C20CD3-8DE9-438D-B70D-8BCE163CB092}.Debug|Any CPU.Build.0 = Debug|Any CPU
		{F3C20CD3-8DE9-438D-B70D-8BCE163CB092}.Debug|x64.ActiveCfg = Debug|Any CPU
		{F3C20CD3-8DE9-438D-B70D-8BCE163CB092}.Debug|x64.Build.0 = Debug|Any CPU
		{F3C20CD3-8DE9-438D-B70D-8BCE163CB092}.Debug|x86.ActiveCfg = Debug|Any CPU
		{F3C20CD3-8DE9-438D-B70D-8BCE163CB092}.Debug|x86.Build.0 = Debug|Any CPU
		{F3C20CD3-8DE9-438D-B70D-8BCE163CB092}.Release|Any CPU.ActiveCfg = Release|Any CPU
		{F3C20CD3-8DE9-438D-B70D-8BCE163CB092}.Release|Any CPU.Build.0 = Release|Any CPU
		{F3C20CD3-8DE9-438D-B70D-8BCE163CB092}.Release|x64.ActiveCfg = Release|Any CPU
		{F3C20CD3-8DE9-438D-B70D-8BCE163CB092}.Release|x64.Build.0 = Release|Any CPU
		{F3C20CD3-8DE9-438D-B70D-8BCE163CB092}.Release|x86.ActiveCfg = Release|Any CPU
		{F3C20CD3-8DE9-438D-B70D-8BCE163CB092}.Release|x86.Build.0 = Release|Any CPU
		{C19281B6-2445-4983-B2EB-5C8F71E9DAD0}.Debug|Any CPU.ActiveCfg = Debug|Any CPU
		{C19281B6-2445-4983-B2EB-5C8F71E9DAD0}.Debug|Any CPU.Build.0 = Debug|Any CPU
		{C19281B6-2445-4983-B2EB-5C8F71E9DAD0}.Debug|x64.ActiveCfg = Debug|Any CPU
		{C19281B6-2445-4983-B2EB-5C8F71E9DAD0}.Debug|x64.Build.0 = Debug|Any CPU
		{C19281B6-2445-4983-B2EB-5C8F71E9DAD0}.Debug|x86.ActiveCfg = Debug|Any CPU
		{C19281B6-2445-4983-B2EB-5C8F71E9DAD0}.Debug|x86.Build.0 = Debug|Any CPU
		{C19281B6-2445-4983-B2EB-5C8F71E9DAD0}.Release|Any CPU.ActiveCfg = Release|Any CPU
		{C19281B6-2445-4983-B2EB-5C8F71E9DAD0}.Release|Any CPU.Build.0 = Release|Any CPU
		{C19281B6-2445-4983-B2EB-5C8F71E9DAD0}.Release|x64.ActiveCfg = Release|Any CPU
		{C19281B6-2445-4983-B2EB-5C8F71E9DAD0}.Release|x64.Build.0 = Release|Any CPU
		{C19281B6-2445-4983-B2EB-5C8F71E9DAD0}.Release|x86.ActiveCfg = Release|Any CPU
		{C19281B6-2445-4983-B2EB-5C8F71E9DAD0}.Release|x86.Build.0 = Release|Any CPU
		{C00C7B4E-B7A1-47E0-B085-54F0D69FEDD2}.Debug|Any CPU.ActiveCfg = Debug|Any CPU
		{C00C7B4E-B7A1-47E0-B085-54F0D69FEDD2}.Debug|Any CPU.Build.0 = Debug|Any CPU
		{C00C7B4E-B7A1-47E0-B085-54F0D69FEDD2}.Debug|x64.ActiveCfg = Debug|Any CPU
		{C00C7B4E-B7A1-47E0-B085-54F0D69FEDD2}.Debug|x64.Build.0 = Debug|Any CPU
		{C00C7B4E-B7A1-47E0-B085-54F0D69FEDD2}.Debug|x86.ActiveCfg = Debug|Any CPU
		{C00C7B4E-B7A1-47E0-B085-54F0D69FEDD2}.Debug|x86.Build.0 = Debug|Any CPU
		{C00C7B4E-B7A1-47E0-B085-54F0D69FEDD2}.Release|Any CPU.ActiveCfg = Release|Any CPU
		{C00C7B4E-B7A1-47E0-B085-54F0D69FEDD2}.Release|Any CPU.Build.0 = Release|Any CPU
		{C00C7B4E-B7A1-47E0-B085-54F0D69FEDD2}.Release|x64.ActiveCfg = Release|Any CPU
		{C00C7B4E-B7A1-47E0-B085-54F0D69FEDD2}.Release|x64.Build.0 = Release|Any CPU
		{C00C7B4E-B7A1-47E0-B085-54F0D69FEDD2}.Release|x86.ActiveCfg = Release|Any CPU
		{C00C7B4E-B7A1-47E0-B085-54F0D69FEDD2}.Release|x86.Build.0 = Release|Any CPU
		{261BEEB6-13E7-43B6-A003-12C8A4DAA608}.Debug|Any CPU.ActiveCfg = Debug|Any CPU
		{261BEEB6-13E7-43B6-A003-12C8A4DAA608}.Debug|Any CPU.Build.0 = Debug|Any CPU
		{261BEEB6-13E7-43B6-A003-12C8A4DAA608}.Debug|x64.ActiveCfg = Debug|Any CPU
		{261BEEB6-13E7-43B6-A003-12C8A4DAA608}.Debug|x64.Build.0 = Debug|Any CPU
		{261BEEB6-13E7-43B6-A003-12C8A4DAA608}.Debug|x86.ActiveCfg = Debug|Any CPU
		{261BEEB6-13E7-43B6-A003-12C8A4DAA608}.Debug|x86.Build.0 = Debug|Any CPU
		{261BEEB6-13E7-43B6-A003-12C8A4DAA608}.Release|Any CPU.ActiveCfg = Release|Any CPU
		{261BEEB6-13E7-43B6-A003-12C8A4DAA608}.Release|Any CPU.Build.0 = Release|Any CPU
		{261BEEB6-13E7-43B6-A003-12C8A4DAA608}.Release|x64.ActiveCfg = Release|Any CPU
		{261BEEB6-13E7-43B6-A003-12C8A4DAA608}.Release|x64.Build.0 = Release|Any CPU
		{261BEEB6-13E7-43B6-A003-12C8A4DAA608}.Release|x86.ActiveCfg = Release|Any CPU
		{261BEEB6-13E7-43B6-A003-12C8A4DAA608}.Release|x86.Build.0 = Release|Any CPU
		{77EE16A6-6349-4EE1-96A4-422D1C7F0675}.Debug|Any CPU.ActiveCfg = Debug|Any CPU
		{77EE16A6-6349-4EE1-96A4-422D1C7F0675}.Debug|Any CPU.Build.0 = Debug|Any CPU
		{77EE16A6-6349-4EE1-96A4-422D1C7F0675}.Debug|x64.ActiveCfg = Debug|Any CPU
		{77EE16A6-6349-4EE1-96A4-422D1C7F0675}.Debug|x64.Build.0 = Debug|Any CPU
		{77EE16A6-6349-4EE1-96A4-422D1C7F0675}.Debug|x86.ActiveCfg = Debug|Any CPU
		{77EE16A6-6349-4EE1-96A4-422D1C7F0675}.Debug|x86.Build.0 = Debug|Any CPU
		{77EE16A6-6349-4EE1-96A4-422D1C7F0675}.Release|Any CPU.ActiveCfg = Release|Any CPU
		{77EE16A6-6349-4EE1-96A4-422D1C7F0675}.Release|Any CPU.Build.0 = Release|Any CPU
		{77EE16A6-6349-4EE1-96A4-422D1C7F0675}.Release|x64.ActiveCfg = Release|Any CPU
		{77EE16A6-6349-4EE1-96A4-422D1C7F0675}.Release|x64.Build.0 = Release|Any CPU
		{77EE16A6-6349-4EE1-96A4-422D1C7F0675}.Release|x86.ActiveCfg = Release|Any CPU
		{77EE16A6-6349-4EE1-96A4-422D1C7F0675}.Release|x86.Build.0 = Release|Any CPU
	EndGlobalSection
	GlobalSection(SolutionProperties) = preSolution
		HideSolutionNode = FALSE
	EndGlobalSection
	GlobalSection(NestedProjects) = preSolution
		{1BBEDC5F-6872-4ABE-9A17-DBF4995E1336} = {827E0CD3-B72D-47B6-A68D-7590B98EB39B}
		{1B6EF3CE-1BAF-4F16-A80B-630A11C8236C} = {827E0CD3-B72D-47B6-A68D-7590B98EB39B}
		{FA8E9E54-5226-4EC4-B289-EF4731D956AC} = {827E0CD3-B72D-47B6-A68D-7590B98EB39B}
		{F3C20CD3-8DE9-438D-B70D-8BCE163CB092} = {827E0CD3-B72D-47B6-A68D-7590B98EB39B}
		{C19281B6-2445-4983-B2EB-5C8F71E9DAD0} = {827E0CD3-B72D-47B6-A68D-7590B98EB39B}
		{C00C7B4E-B7A1-47E0-B085-54F0D69FEDD2} = {827E0CD3-B72D-47B6-A68D-7590B98EB39B}
		{261BEEB6-13E7-43B6-A003-12C8A4DAA608} = {827E0CD3-B72D-47B6-A68D-7590B98EB39B}
		{77EE16A6-6349-4EE1-96A4-422D1C7F0675} = {827E0CD3-B72D-47B6-A68D-7590B98EB39B}
	EndGlobalSection
EndGlobal
